
Microsoft Visual Studio Solution File, Format Version 12.00
# Visual Studio 14
VisualStudioVersion = 14.0.25420.1
MinimumVisualStudioVersion = 10.0.40219.1
Project("{FAE04EC0-301F-11D3-BF4B-00C04F79EFBC}") = "FluentTest", "FluentTest\FluentTest.csproj", "{9582EC3F-68C2-49FD-B0A1-958B10A30938}"
EndProject
Project("{FAE04EC0-301F-11D3-BF4B-00C04F79EFBC}") = "FluentTest.UnitTest", "FluentTest.UnitTest\FluentTest.UnitTest.csproj", "{A38EE0AE-205A-4841-B21F-A26F90370738}"
EndProject
Global
	GlobalSection(SolutionConfigurationPlatforms) = preSolution
		Debug|Any CPU = Debug|Any CPU
		Release|Any CPU = Release|Any CPU
	EndGlobalSection
	GlobalSection(ProjectConfigurationPlatforms) = postSolution
		{9582EC3F-68C2-49FD-B0A1-958B10A30938}.Debug|Any CPU.ActiveCfg = Debug|Any CPU
		{9582EC3F-68C2-49FD-B0A1-958B10A30938}.Debug|Any CPU.Build.0 = Debug|Any CPU
		{9582EC3F-68C2-49FD-B0A1-958B10A30938}.Release|Any CPU.ActiveCfg = Release|Any CPU
		{9582EC3F-68C2-49FD-B0A1-958B10A30938}.Release|Any CPU.Build.0 = Release|Any CPU
		{A38EE0AE-205A-4841-B21F-A26F90370738}.Debug|Any CPU.ActiveCfg = Debug|Any CPU
		{A38EE0AE-205A-4841-B21F-A26F90370738}.Debug|Any CPU.Build.0 = Debug|Any CPU
		{A38EE0AE-205A-4841-B21F-A26F90370738}.Release|Any CPU.ActiveCfg = Release|Any CPU
		{A38EE0AE-205A-4841-B21F-A26F90370738}.Release|Any CPU.Build.0 = Release|Any CPU
	EndGlobalSection
	GlobalSection(SolutionProperties) = preSolution
		HideSolutionNode = FALSE
	EndGlobalSection
EndGlobal
